
Microsoft Visual Studio Solution File, Format Version 12.00
# Visual Studio 15
VisualStudioVersion = 15.0.27004.2006
MinimumVisualStudioVersion = 10.0.40219.1
Project("{FAE04EC0-301F-11D3-BF4B-00C04F79EFBC}") = "ICT13580059EndB.Android", "ICT13580059EndB\ICT13580059EndB.Android\ICT13580059EndB.Android.csproj", "{8F6DA68C-3B4B-434F-AE32-3FC0D79B5C40}"
EndProject
Project("{FAE04EC0-301F-11D3-BF4B-00C04F79EFBC}") = "ICT13580059EndB", "ICT13580059EndB\ICT13580059EndB\ICT13580059EndB.csproj", "{87A9539D-6BB6-4FE0-9697-EDEDB45D2BF7}"
EndProject
Project("{FAE04EC0-301F-11D3-BF4B-00C04F79EFBC}") = "ICT13580059EndB.UWP", "ICT13580059EndB\ICT13580059EndB.UWP\ICT13580059EndB.UWP.csproj", "{740FED27-897D-4657-B3BE-FCAD3F68B2FE}"
EndProject
Project("{FAE04EC0-301F-11D3-BF4B-00C04F79EFBC}") = "ICT13580059EndB.iOS", "ICT13580059EndB\ICT13580059EndB.iOS\ICT13580059EndB.iOS.csproj", "{F9B4D053-3329-4D52-B710-5DF307384AAE}"
EndProject
Global
	GlobalSection(SolutionConfigurationPlatforms) = preSolution
		Ad-Hoc|Any CPU = Ad-Hoc|Any CPU
		Ad-Hoc|ARM = Ad-Hoc|ARM
		Ad-Hoc|iPhone = Ad-Hoc|iPhone
		Ad-Hoc|iPhoneSimulator = Ad-Hoc|iPhoneSimulator
		Ad-Hoc|x64 = Ad-Hoc|x64
		Ad-Hoc|x86 = Ad-Hoc|x86
		AppStore|Any CPU = AppStore|Any CPU
		AppStore|ARM = AppStore|ARM
		AppStore|iPhone = AppStore|iPhone
		AppStore|iPhoneSimulator = AppStore|iPhoneSimulator
		AppStore|x64 = AppStore|x64
		AppStore|x86 = AppStore|x86
		Debug|Any CPU = Debug|Any CPU
		Debug|ARM = Debug|ARM
		Debug|iPhone = Debug|iPhone
		Debug|iPhoneSimulator = Debug|iPhoneSimulator
		Debug|x64 = Debug|x64
		Debug|x86 = Debug|x86
		Release|Any CPU = Release|Any CPU
		Release|ARM = Release|ARM
		Release|iPhone = Release|iPhone
		Release|iPhoneSimulator = Release|iPhoneSimulator
		Release|x64 = Release|x64
		Release|x86 = Release|x86
	EndGlobalSection
	GlobalSection(ProjectConfigurationPlatforms) = postSolution
		{8F6DA68C-3B4B-434F-AE32-3FC0D79B5C40}.Ad-Hoc|Any CPU.ActiveCfg = Release|Any CPU
		{8F6DA68C-3B4B-434F-AE32-3FC0D79B5C40}.Ad-Hoc|Any CPU.Build.0 = Release|Any CPU
		{8F6DA68C-3B4B-434F-AE32-3FC0D79B5C40}.Ad-Hoc|Any CPU.Deploy.0 = Release|Any CPU
		{8F6DA68C-3B4B-434F-AE32-3FC0D79B5C40}.Ad-Hoc|ARM.ActiveCfg = Release|Any CPU
		{8F6DA68C-3B4B-434F-AE32-3FC0D79B5C40}.Ad-Hoc|ARM.Build.0 = Release|Any CPU
		{8F6DA68C-3B4B-434F-AE32-3FC0D79B5C40}.Ad-Hoc|ARM.Deploy.0 = Release|Any CPU
		{8F6DA68C-3B4B-434F-AE32-3FC0D79B5C40}.Ad-Hoc|iPhone.ActiveCfg = Release|Any CPU
		{8F6DA68C-3B4B-434F-AE32-3FC0D79B5C40}.Ad-Hoc|iPhone.Build.0 = Release|Any CPU
		{8F6DA68C-3B4B-434F-AE32-3FC0D79B5C40}.Ad-Hoc|iPhone.Deploy.0 = Release|Any CPU
		{8F6DA68C-3B4B-434F-AE32-3FC0D79B5C40}.Ad-Hoc|iPhoneSimulator.ActiveCfg = Release|Any CPU
		{8F6DA68C-3B4B-434F-AE32-3FC0D79B5C40}.Ad-Hoc|iPhoneSimulator.Build.0 = Release|Any CPU
		{8F6DA68C-3B4B-434F-AE32-3FC0D79B5C40}.Ad-Hoc|iPhoneSimulator.Deploy.0 = Release|Any CPU
		{8F6DA68C-3B4B-434F-AE32-3FC0D79B5C40}.Ad-Hoc|x64.ActiveCfg = Release|Any CPU
		{8F6DA68C-3B4B-434F-AE32-3FC0D79B5C40}.Ad-Hoc|x64.Build.0 = Release|Any CPU
		{8F6DA68C-3B4B-434F-AE32-3FC0D79B5C40}.Ad-Hoc|x64.Deploy.0 = Release|Any CPU
		{8F6DA68C-3B4B-434F-AE32-3FC0D79B5C40}.Ad-Hoc|x86.ActiveCfg = Release|Any CPU
		{8F6DA68C-3B4B-434F-AE32-3FC0D79B5C40}.Ad-Hoc|x86.Build.0 = Release|Any CPU
		{8F6DA68C-3B4B-434F-AE32-3FC0D79B5C40}.Ad-Hoc|x86.Deploy.0 = Release|Any CPU
		{8F6DA68C-3B4B-434F-AE32-3FC0D79B5C40}.AppStore|Any CPU.ActiveCfg = Release|Any CPU
		{8F6DA68C-3B4B-434F-AE32-3FC0D79B5C40}.AppStore|Any CPU.Build.0 = Release|Any CPU
		{8F6DA68C-3B4B-434F-AE32-3FC0D79B5C40}.AppStore|Any CPU.Deploy.0 = Release|Any CPU
		{8F6DA68C-3B4B-434F-AE32-3FC0D79B5C40}.AppStore|ARM.ActiveCfg = Release|Any CPU
		{8F6DA68C-3B4B-434F-AE32-3FC0D79B5C40}.AppStore|ARM.Build.0 = Release|Any CPU
		{8F6DA68C-3B4B-434F-AE32-3FC0D79B5C40}.AppStore|ARM.Deploy.0 = Release|Any CPU
		{8F6DA68C-3B4B-434F-AE32-3FC0D79B5C40}.AppStore|iPhone.ActiveCfg = Release|Any CPU
		{8F6DA68C-3B4B-434F-AE32-3FC0D79B5C40}.AppStore|iPhone.Build.0 = Release|Any CPU
		{8F6DA68C-3B4B-434F-AE32-3FC0D79B5C40}.AppStore|iPhone.Deploy.0 = Release|Any CPU
		{8F6DA68C-3B4B-434F-AE32-3FC0D79B5C40}.AppStore|iPhoneSimulator.ActiveCfg = Release|Any CPU
		{8F6DA68C-3B4B-434F-AE32-3FC0D79B5C40}.AppStore|iPhoneSimulator.Build.0 = Release|Any CPU
		{8F6DA68C-3B4B-434F-AE32-3FC0D79B5C40}.AppStore|iPhoneSimulator.Deploy.0 = Release|Any CPU
		{8F6DA68C-3B4B-434F-AE32-3FC0D79B5C40}.AppStore|x64.ActiveCfg = Release|Any CPU
		{8F6DA68C-3B4B-434F-AE32-3FC0D79B5C40}.AppStore|x64.Build.0 = Release|Any CPU
		{8F6DA68C-3B4B-434F-AE32-3FC0D79B5C40}.AppStore|x64.Deploy.0 = Release|Any CPU
		{8F6DA68C-3B4B-434F-AE32-3FC0D79B5C40}.AppStore|x86.ActiveCfg = Release|Any CPU
		{8F6DA68C-3B4B-434F-AE32-3FC0D79B5C40}.AppStore|x86.Build.0 = Release|Any CPU
		{8F6DA68C-3B4B-434F-AE32-3FC0D79B5C40}.AppStore|x86.Deploy.0 = Release|Any CPU
		{8F6DA68C-3B4B-434F-AE32-3FC0D79B5C40}.Debug|Any CPU.ActiveCfg = Debug|Any CPU
		{8F6DA68C-3B4B-434F-AE32-3FC0D79B5C40}.Debug|Any CPU.Build.0 = Debug|Any CPU
		{8F6DA68C-3B4B-434F-AE32-3FC0D79B5C40}.Debug|Any CPU.Deploy.0 = Debug|Any CPU
		{8F6DA68C-3B4B-434F-AE32-3FC0D79B5C40}.Debug|ARM.ActiveCfg = Debug|Any CPU
		{8F6DA68C-3B4B-434F-AE32-3FC0D79B5C40}.Debug|ARM.Build.0 = Debug|Any CPU
		{8F6DA68C-3B4B-434F-AE32-3FC0D79B5C40}.Debug|ARM.Deploy.0 = Debug|Any CPU
		{8F6DA68C-3B4B-434F-AE32-3FC0D79B5C40}.Debug|iPhone.ActiveCfg = Debug|Any CPU
		{8F6DA68C-3B4B-434F-AE32-3FC0D79B5C40}.Debug|iPhone.Build.0 = Debug|Any CPU
		{8F6DA68C-3B4B-434F-AE32-3FC0D79B5C40}.Debug|iPhone.Deploy.0 = Debug|Any CPU
		{8F6DA68C-3B4B-434F-AE32-3FC0D79B5C40}.Debug|iPhoneSimulator.ActiveCfg = Debug|Any CPU
		{8F6DA68C-3B4B-434F-AE32-3FC0D79B5C40}.Debug|iPhoneSimulator.Build.0 = Debug|Any CPU
		{8F6DA68C-3B4B-434F-AE32-3FC0D79B5C40}.Debug|iPhoneSimulator.Deploy.0 = Debug|Any CPU
		{8F6DA68C-3B4B-434F-AE32-3FC0D79B5C40}.Debug|x64.ActiveCfg = Debug|Any CPU
		{8F6DA68C-3B4B-434F-AE32-3FC0D79B5C40}.Debug|x64.Build.0 = Debug|Any CPU
		{8F6DA68C-3B4B-434F-AE32-3FC0D79B5C40}.Debug|x64.Deploy.0 = Debug|Any CPU
		{8F6DA68C-3B4B-434F-AE32-3FC0D79B5C40}.Debug|x86.ActiveCfg = Debug|Any CPU
		{8F6DA68C-3B4B-434F-AE32-3FC0D79B5C40}.Debug|x86.Build.0 = Debug|Any CPU
		{8F6DA68C-3B4B-434F-AE32-3FC0D79B5C40}.Debug|x86.Deploy.0 = Debug|Any CPU
		{8F6DA68C-3B4B-434F-AE32-3FC0D79B5C40}.Release|Any CPU.ActiveCfg = Release|Any CPU
		{8F6DA68C-3B4B-434F-AE32-3FC0D79B5C40}.Release|Any CPU.Build.0 = Release|Any CPU
		{8F6DA68C-3B4B-434F-AE32-3FC0D79B5C40}.Release|Any CPU.Deploy.0 = Release|Any CPU
		{8F6DA68C-3B4B-434F-AE32-3FC0D79B5C40}.Release|ARM.ActiveCfg = Release|Any CPU
		{8F6DA68C-3B4B-434F-AE32-3FC0D79B5C40}.Release|ARM.Build.0 = Release|Any CPU
		{8F6DA68C-3B4B-434F-AE32-3FC0D79B5C40}.Release|ARM.Deploy.0 = Release|Any CPU
		{8F6DA68C-3B4B-434F-AE32-3FC0D79B5C40}.Release|iPhone.ActiveCfg = Release|Any CPU
		{8F6DA68C-3B4B-434F-AE32-3FC0D79B5C40}.Release|iPhone.Build.0 = Release|Any CPU
		{8F6DA68C-3B4B-434F-AE32-3FC0D79B5C40}.Release|iPhone.Deploy.0 = Release|Any CPU
		{8F6DA68C-3B4B-434F-AE32-3FC0D79B5C40}.Release|iPhoneSimulator.ActiveCfg = Release|Any CPU
		{8F6DA68C-3B4B-434F-AE32-3FC0D79B5C40}.Release|iPhoneSimulator.Build.0 = Release|Any CPU
		{8F6DA68C-3B4B-434F-AE32-3FC0D79B5C40}.Release|iPhoneSimulator.Deploy.0 = Release|Any CPU
		{8F6DA68C-3B4B-434F-AE32-3FC0D79B5C40}.Release|x64.ActiveCfg = Release|Any CPU
		{8F6DA68C-3B4B-434F-AE32-3FC0D79B5C40}.Release|x64.Build.0 = Release|Any CPU
		{8F6DA68C-3B4B-434F-AE32-3FC0D79B5C40}.Release|x64.Deploy.0 = Release|Any CPU
		{8F6DA68C-3B4B-434F-AE32-3FC0D79B5C40}.Release|x86.ActiveCfg = Release|Any CPU
		{8F6DA68C-3B4B-434F-AE32-3FC0D79B5C40}.Release|x86.Build.0 = Release|Any CPU
		{8F6DA68C-3B4B-434F-AE32-3FC0D79B5C40}.Release|x86.Deploy.0 = Release|Any CPU
		{87A9539D-6BB6-4FE0-9697-EDEDB45D2BF7}.Ad-Hoc|Any CPU.ActiveCfg = Release|Any CPU
		{87A9539D-6BB6-4FE0-9697-EDEDB45D2BF7}.Ad-Hoc|Any CPU.Build.0 = Release|Any CPU
		{87A9539D-6BB6-4FE0-9697-EDEDB45D2BF7}.Ad-Hoc|ARM.ActiveCfg = Release|Any CPU
		{87A9539D-6BB6-4FE0-9697-EDEDB45D2BF7}.Ad-Hoc|ARM.Build.0 = Release|Any CPU
		{87A9539D-6BB6-4FE0-9697-EDEDB45D2BF7}.Ad-Hoc|iPhone.ActiveCfg = Release|Any CPU
		{87A9539D-6BB6-4FE0-9697-EDEDB45D2BF7}.Ad-Hoc|iPhone.Build.0 = Release|Any CPU
		{87A9539D-6BB6-4FE0-9697-EDEDB45D2BF7}.Ad-Hoc|iPhoneSimulator.ActiveCfg = Release|Any CPU
		{87A9539D-6BB6-4FE0-9697-EDEDB45D2BF7}.Ad-Hoc|iPhoneSimulator.Build.0 = Release|Any CPU
		{87A9539D-6BB6-4FE0-9697-EDEDB45D2BF7}.Ad-Hoc|x64.ActiveCfg = Release|Any CPU
		{87A9539D-6BB6-4FE0-9697-EDEDB45D2BF7}.Ad-Hoc|x64.Build.0 = Release|Any CPU
		{87A9539D-6BB6-4FE0-9697-EDEDB45D2BF7}.Ad-Hoc|x86.ActiveCfg = Release|Any CPU
		{87A9539D-6BB6-4FE0-9697-EDEDB45D2BF7}.Ad-Hoc|x86.Build.0 = Release|Any CPU
		{87A9539D-6BB6-4FE0-9697-EDEDB45D2BF7}.AppStore|Any CPU.ActiveCfg = Release|Any CPU
		{87A9539D-6BB6-4FE0-9697-EDEDB45D2BF7}.AppStore|Any CPU.Build.0 = Release|Any CPU
		{87A9539D-6BB6-4FE0-9697-EDEDB45D2BF7}.AppStore|ARM.ActiveCfg = Release|Any CPU
		{87A9539D-6BB6-4FE0-9697-EDEDB45D2BF7}.AppStore|ARM.Build.0 = Release|Any CPU
		{87A9539D-6BB6-4FE0-9697-EDEDB45D2BF7}.AppStore|iPhone.ActiveCfg = Release|Any CPU
		{87A9539D-6BB6-4FE0-9697-EDEDB45D2BF7}.AppStore|iPhone.Build.0 = Release|Any CPU
		{87A9539D-6BB6-4FE0-9697-EDEDB45D2BF7}.AppStore|iPhoneSimulator.ActiveCfg = Release|Any CPU
		{87A9539D-6BB6-4FE0-9697-EDEDB45D2BF7}.AppStore|iPhoneSimulator.Build.0 = Release|Any CPU
		{87A9539D-6BB6-4FE0-9697-EDEDB45D2BF7}.AppStore|x64.ActiveCfg = Release|Any CPU
		{87A9539D-6BB6-4FE0-9697-EDEDB45D2BF7}.AppStore|x64.Build.0 = Release|Any CPU
		{87A9539D-6BB6-4FE0-9697-EDEDB45D2BF7}.AppStore|x86.ActiveCfg = Release|Any CPU
		{87A9539D-6BB6-4FE0-9697-EDEDB45D2BF7}.AppStore|x86.Build.0 = Release|Any CPU
		{87A9539D-6BB6-4FE0-9697-EDEDB45D2BF7}.Debug|Any CPU.ActiveCfg = Debug|Any CPU
		{87A9539D-6BB6-4FE0-9697-EDEDB45D2BF7}.Debug|Any CPU.Build.0 = Debug|Any CPU
		{87A9539D-6BB6-4FE0-9697-EDEDB45D2BF7}.Debug|ARM.ActiveCfg = Debug|Any CPU
		{87A9539D-6BB6-4FE0-9697-EDEDB45D2BF7}.Debug|ARM.Build.0 = Debug|Any CPU
		{87A9539D-6BB6-4FE0-9697-EDEDB45D2BF7}.Debug|iPhone.ActiveCfg = Debug|Any CPU
		{87A9539D-6BB6-4FE0-9697-EDEDB45D2BF7}.Debug|iPhone.Build.0 = Debug|Any CPU
		{87A9539D-6BB6-4FE0-9697-EDEDB45D2BF7}.Debug|iPhoneSimulator.ActiveCfg = Debug|Any CPU
		{87A9539D-6BB6-4FE0-9697-EDEDB45D2BF7}.Debug|iPhoneSimulator.Build.0 = Debug|Any CPU
		{87A9539D-6BB6-4FE0-9697-EDEDB45D2BF7}.Debug|x64.ActiveCfg = Debug|Any CPU
		{87A9539D-6BB6-4FE0-9697-EDEDB45D2BF7}.Debug|x64.Build.0 = Debug|Any CPU
		{87A9539D-6BB6-4FE0-9697-EDEDB45D2BF7}.Debug|x86.ActiveCfg = Debug|Any CPU
		{87A9539D-6BB6-4FE0-9697-EDEDB45D2BF7}.Debug|x86.Build.0 = Debug|Any CPU
		{87A9539D-6BB6-4FE0-9697-EDEDB45D2BF7}.Release|Any CPU.ActiveCfg = Release|Any CPU
		{87A9539D-6BB6-4FE0-9697-EDEDB45D2BF7}.Release|Any CPU.Build.0 = Release|Any CPU
		{87A9539D-6BB6-4FE0-9697-EDEDB45D2BF7}.Release|ARM.ActiveCfg = Release|Any CPU
		{87A9539D-6BB6-4FE0-9697-EDEDB45D2BF7}.Release|ARM.Build.0 = Release|Any CPU
		{87A9539D-6BB6-4FE0-9697-EDEDB45D2BF7}.Release|iPhone.ActiveCfg = Release|Any CPU
		{87A9539D-6BB6-4FE0-9697-EDEDB45D2BF7}.Release|iPhone.Build.0 = Release|Any CPU
		{87A9539D-6BB6-4FE0-9697-EDEDB45D2BF7}.Release|iPhoneSimulator.ActiveCfg = Release|Any CPU
		{87A9539D-6BB6-4FE0-9697-EDEDB45D2BF7}.Release|iPhoneSimulator.Build.0 = Release|Any CPU
		{87A9539D-6BB6-4FE0-9697-EDEDB45D2BF7}.Release|x64.ActiveCfg = Release|Any CPU
		{87A9539D-6BB6-4FE0-9697-EDEDB45D2BF7}.Release|x64.Build.0 = Release|Any CPU
		{87A9539D-6BB6-4FE0-9697-EDEDB45D2BF7}.Release|x86.ActiveCfg = Release|Any CPU
		{87A9539D-6BB6-4FE0-9697-EDEDB45D2BF7}.Release|x86.Build.0 = Release|Any CPU
		{740FED27-897D-4657-B3BE-FCAD3F68B2FE}.Ad-Hoc|Any CPU.ActiveCfg = Release|x86
		{740FED27-897D-4657-B3BE-FCAD3F68B2FE}.Ad-Hoc|Any CPU.Build.0 = Release|x86
		{740FED27-897D-4657-B3BE-FCAD3F68B2FE}.Ad-Hoc|Any CPU.Deploy.0 = Release|x86
		{740FED27-897D-4657-B3BE-FCAD3F68B2FE}.Ad-Hoc|ARM.ActiveCfg = Release|ARM
		{740FED27-897D-4657-B3BE-FCAD3F68B2FE}.Ad-Hoc|ARM.Build.0 = Release|ARM
		{740FED27-897D-4657-B3BE-FCAD3F68B2FE}.Ad-Hoc|ARM.Deploy.0 = Release|ARM
		{740FED27-897D-4657-B3BE-FCAD3F68B2FE}.Ad-Hoc|iPhone.ActiveCfg = Release|x86
		{740FED27-897D-4657-B3BE-FCAD3F68B2FE}.Ad-Hoc|iPhone.Build.0 = Release|x86
		{740FED27-897D-4657-B3BE-FCAD3F68B2FE}.Ad-Hoc|iPhone.Deploy.0 = Release|x86
		{740FED27-897D-4657-B3BE-FCAD3F68B2FE}.Ad-Hoc|iPhoneSimulator.ActiveCfg = Release|x86
		{740FED27-897D-4657-B3BE-FCAD3F68B2FE}.Ad-Hoc|iPhoneSimulator.Build.0 = Release|x86
		{740FED27-897D-4657-B3BE-FCAD3F68B2FE}.Ad-Hoc|iPhoneSimulator.Deploy.0 = Release|x86
		{740FED27-897D-4657-B3BE-FCAD3F68B2FE}.Ad-Hoc|x64.ActiveCfg = Release|x64
		{740FED27-897D-4657-B3BE-FCAD3F68B2FE}.Ad-Hoc|x64.Build.0 = Release|x64
		{740FED27-897D-4657-B3BE-FCAD3F68B2FE}.Ad-Hoc|x64.Deploy.0 = Release|x64
		{740FED27-897D-4657-B3BE-FCAD3F68B2FE}.Ad-Hoc|x86.ActiveCfg = Release|x86
		{740FED27-897D-4657-B3BE-FCAD3F68B2FE}.Ad-Hoc|x86.Build.0 = Release|x86
		{740FED27-897D-4657-B3BE-FCAD3F68B2FE}.Ad-Hoc|x86.Deploy.0 = Release|x86
		{740FED27-897D-4657-B3BE-FCAD3F68B2FE}.AppStore|Any CPU.ActiveCfg = Release|x86
		{740FED27-897D-4657-B3BE-FCAD3F68B2FE}.AppStore|Any CPU.Build.0 = Release|x86
		{740FED27-897D-4657-B3BE-FCAD3F68B2FE}.AppStore|Any CPU.Deploy.0 = Release|x86
		{740FED27-897D-4657-B3BE-FCAD3F68B2FE}.AppStore|ARM.ActiveCfg = Release|ARM
		{740FED27-897D-4657-B3BE-FCAD3F68B2FE}.AppStore|ARM.Build.0 = Release|ARM
		{740FED27-897D-4657-B3BE-FCAD3F68B2FE}.AppStore|ARM.Deploy.0 = Release|ARM
		{740FED27-897D-4657-B3BE-FCAD3F68B2FE}.AppStore|iPhone.ActiveCfg = Release|x86
		{740FED27-897D-4657-B3BE-FCAD3F68B2FE}.AppStore|iPhone.Build.0 = Release|x86
		{740FED27-897D-4657-B3BE-FCAD3F68B2FE}.AppStore|iPhone.Deploy.0 = Release|x86
		{740FED27-897D-4657-B3BE-FCAD3F68B2FE}.AppStore|iPhoneSimulator.ActiveCfg = Release|x86
		{740FED27-897D-4657-B3BE-FCAD3F68B2FE}.AppStore|iPhoneSimulator.Build.0 = Release|x86
		{740FED27-897D-4657-B3BE-FCAD3F68B2FE}.AppStore|iPhoneSimulator.Deploy.0 = Release|x86
		{740FED27-897D-4657-B3BE-FCAD3F68B2FE}.AppStore|x64.ActiveCfg = Release|x64
		{740FED27-897D-4657-B3BE-FCAD3F68B2FE}.AppStore|x64.Build.0 = Release|x64
		{740FED27-897D-4657-B3BE-FCAD3F68B2FE}.AppStore|x64.Deploy.0 = Release|x64
		{740FED27-897D-4657-B3BE-FCAD3F68B2FE}.AppStore|x86.ActiveCfg = Release|x86
		{740FED27-897D-4657-B3BE-FCAD3F68B2FE}.AppStore|x86.Build.0 = Release|x86
		{740FED27-897D-4657-B3BE-FCAD3F68B2FE}.AppStore|x86.Deploy.0 = Release|x86
		{740FED27-897D-4657-B3BE-FCAD3F68B2FE}.Debug|Any CPU.ActiveCfg = Debug|x86
		{740FED27-897D-4657-B3BE-FCAD3F68B2FE}.Debug|ARM.ActiveCfg = Debug|ARM
		{740FED27-897D-4657-B3BE-FCAD3F68B2FE}.Debug|ARM.Build.0 = Debug|ARM
		{740FED27-897D-4657-B3BE-FCAD3F68B2FE}.Debug|ARM.Deploy.0 = Debug|ARM
		{740FED27-897D-4657-B3BE-FCAD3F68B2FE}.Debug|iPhone.ActiveCfg = Debug|x86
		{740FED27-897D-4657-B3BE-FCAD3F68B2FE}.Debug|iPhoneSimulator.ActiveCfg = Debug|x86
		{740FED27-897D-4657-B3BE-FCAD3F68B2FE}.Debug|x64.ActiveCfg = Debug|x64
		{740FED27-897D-4657-B3BE-FCAD3F68B2FE}.Debug|x64.Build.0 = Debug|x64
		{740FED27-897D-4657-B3BE-FCAD3F68B2FE}.Debug|x64.Deploy.0 = Debug|x64
		{740FED27-897D-4657-B3BE-FCAD3F68B2FE}.Debug|x86.ActiveCfg = Debug|x86
		{740FED27-897D-4657-B3BE-FCAD3F68B2FE}.Debug|x86.Build.0 = Debug|x86
		{740FED27-897D-4657-B3BE-FCAD3F68B2FE}.Debug|x86.Deploy.0 = Debug|x86
		{740FED27-897D-4657-B3BE-FCAD3F68B2FE}.Release|Any CPU.ActiveCfg = Release|x86
		{740FED27-897D-4657-B3BE-FCAD3F68B2FE}.Release|ARM.ActiveCfg = Release|ARM
		{740FED27-897D-4657-B3BE-FCAD3F68B2FE}.Release|ARM.Build.0 = Release|ARM
		{740FED27-897D-4657-B3BE-FCAD3F68B2FE}.Release|ARM.Deploy.0 = Release|ARM
		{740FED27-897D-4657-B3BE-FCAD3F68B2FE}.Release|iPhone.ActiveCfg = Release|x86
		{740FED27-897D-4657-B3BE-FCAD3F68B2FE}.Release|iPhoneSimulator.ActiveCfg = Release|x86
		{740FED27-897D-4657-B3BE-FCAD3F68B2FE}.Release|x64.ActiveCfg = Release|x64
		{740FED27-897D-4657-B3BE-FCAD3F68B2FE}.Release|x64.Build.0 = Release|x64
		{740FED27-897D-4657-B3BE-FCAD3F68B2FE}.Release|x64.Deploy.0 = Release|x64
		{740FED27-897D-4657-B3BE-FCAD3F68B2FE}.Release|x86.ActiveCfg = Release|x86
		{740FED27-897D-4657-B3BE-FCAD3F68B2FE}.Release|x86.Build.0 = Release|x86
		{740FED27-897D-4657-B3BE-FCAD3F68B2FE}.Release|x86.Deploy.0 = Release|x86
		{F9B4D053-3329-4D52-B710-5DF307384AAE}.Ad-Hoc|Any CPU.ActiveCfg = Ad-Hoc|iPhoneSimulator
		{F9B4D053-3329-4D52-B710-5DF307384AAE}.Ad-Hoc|ARM.ActiveCfg = Ad-Hoc|iPhone
		{F9B4D053-3329-4D52-B710-5DF307384AAE}.Ad-Hoc|iPhone.ActiveCfg = Ad-Hoc|iPhone
		{F9B4D053-3329-4D52-B710-5DF307384AAE}.Ad-Hoc|iPhone.Build.0 = Ad-Hoc|iPhone
		{F9B4D053-3329-4D52-B710-5DF307384AAE}.Ad-Hoc|iPhoneSimulator.ActiveCfg = Ad-Hoc|iPhoneSimulator
		{F9B4D053-3329-4D52-B710-5DF307384AAE}.Ad-Hoc|iPhoneSimulator.Build.0 = Ad-Hoc|iPhoneSimulator
		{F9B4D053-3329-4D52-B710-5DF307384AAE}.Ad-Hoc|x64.ActiveCfg = Ad-Hoc|iPhone
		{F9B4D053-3329-4D52-B710-5DF307384AAE}.Ad-Hoc|x86.ActiveCfg = Ad-Hoc|iPhone
		{F9B4D053-3329-4D52-B710-5DF307384AAE}.AppStore|Any CPU.ActiveCfg = AppStore|iPhoneSimulator
		{F9B4D053-3329-4D52-B710-5DF307384AAE}.AppStore|ARM.ActiveCfg = AppStore|iPhone
		{F9B4D053-3329-4D52-B710-5DF307384AAE}.AppStore|iPhone.ActiveCfg = AppStore|iPhone
		{F9B4D053-3329-4D52-B710-5DF307384AAE}.AppStore|iPhone.Build.0 = AppStore|iPhone
		{F9B4D053-3329-4D52-B710-5DF307384AAE}.AppStore|iPhoneSimulator.ActiveCfg = AppStore|iPhoneSimulator
		{F9B4D053-3329-4D52-B710-5DF307384AAE}.AppStore|iPhoneSimulator.Build.0 = AppStore|iPhoneSimulator
		{F9B4D053-3329-4D52-B710-5DF307384AAE}.AppStore|x64.ActiveCfg = AppStore|iPhone
		{F9B4D053-3329-4D52-B710-5DF307384AAE}.AppStore|x86.ActiveCfg = AppStore|iPhone
		{F9B4D053-3329-4D52-B710-5DF307384AAE}.Debug|Any CPU.ActiveCfg = Debug|iPhoneSimulator
		{F9B4D053-3329-4D52-B710-5DF307384AAE}.Debug|ARM.ActiveCfg = Debug|iPhone
		{F9B4D053-3329-4D52-B710-5DF307384AAE}.Debug|iPhone.ActiveCfg = Debug|iPhone
		{F9B4D053-3329-4D52-B710-5DF307384AAE}.Debug|iPhone.Build.0 = Debug|iPhone
		{F9B4D053-3329-4D52-B710-5DF307384AAE}.Debug|iPhoneSimulator.ActiveCfg = Debug|iPhoneSimulator
		{F9B4D053-3329-4D52-B710-5DF307384AAE}.Debug|iPhoneSimulator.Build.0 = Debug|iPhoneSimulator
		{F9B4D053-3329-4D52-B710-5DF307384AAE}.Debug|x64.ActiveCfg = Debug|iPhone
		{F9B4D053-3329-4D52-B710-5DF307384AAE}.Debug|x86.ActiveCfg = Debug|iPhone
		{F9B4D053-3329-4D52-B710-5DF307384AAE}.Release|Any CPU.ActiveCfg = Release|iPhoneSimulator
		{F9B4D053-3329-4D52-B710-5DF307384AAE}.Release|ARM.ActiveCfg = Release|iPhone
		{F9B4D053-3329-4D52-B710-5DF307384AAE}.Release|iPhone.ActiveCfg = Release|iPhone
		{F9B4D053-3329-4D52-B710-5DF307384AAE}.Release|iPhone.Build.0 = Release|iPhone
		{F9B4D053-3329-4D52-B710-5DF307384AAE}.Release|iPhoneSimulator.ActiveCfg = Release|iPhoneSimulator
		{F9B4D053-3329-4D52-B710-5DF307384AAE}.Release|iPhoneSimulator.Build.0 = Release|iPhoneSimulator
		{F9B4D053-3329-4D52-B710-5DF307384AAE}.Release|x64.ActiveCfg = Release|iPhone
		{F9B4D053-3329-4D52-B710-5DF307384AAE}.Release|x86.ActiveCfg = Release|iPhone
	EndGlobalSection
	GlobalSection(SolutionProperties) = preSolution
		HideSolutionNode = FALSE
	EndGlobalSection
	GlobalSection(ExtensibilityGlobals) = postSolution
		SolutionGuid = {AF1B5CBA-1FA7-44EF-8530-AD2068EE05BA}
	EndGlobalSection
EndGlobal
